
Microsoft Visual Studio Solution File, Format Version 12.00
# Visual Studio 15
VisualStudioVersion = 15.0.27004.2002
MinimumVisualStudioVersion = 10.0.40219.1
Project("{FAE04EC0-301F-11D3-BF4B-00C04F79EFBC}") = "IPTSakupljac", "IPTSakupljac\IPTSakupljac.csproj", "{E5020DBF-D591-4235-B51C-7297EE60FDDF}"
EndProject
Project("{FAE04EC0-301F-11D3-BF4B-00C04F79EFBC}") = "IPTDataAccess", "..\IPTWebAPI\IPTDataAccess\IPTDataAccess.csproj", "{FDD237C4-EA14-4FA5-AD75-8FB83D853F81}"
EndProject
Global
	GlobalSection(SolutionConfigurationPlatforms) = preSolution
		Debug|Any CPU = Debug|Any CPU
		Release|Any CPU = Release|Any CPU
	EndGlobalSection
	GlobalSection(ProjectConfigurationPlatforms) = postSolution
		{E5020DBF-D591-4235-B51C-7297EE60FDDF}.Debug|Any CPU.ActiveCfg = Debug|Any CPU
		{E5020DBF-D591-4235-B51C-7297EE60FDDF}.Debug|Any CPU.Build.0 = Debug|Any CPU
		{E5020DBF-D591-4235-B51C-7297EE60FDDF}.Release|Any CPU.ActiveCfg = Release|Any CPU
		{E5020DBF-D591-4235-B51C-7297EE60FDDF}.Release|Any CPU.Build.0 = Release|Any CPU
		{FDD237C4-EA14-4FA5-AD75-8FB83D853F81}.Debug|Any CPU.ActiveCfg = Debug|Any CPU
		{FDD237C4-EA14-4FA5-AD75-8FB83D853F81}.Debug|Any CPU.Build.0 = Debug|Any CPU
		{FDD237C4-EA14-4FA5-AD75-8FB83D853F81}.Release|Any CPU.ActiveCfg = Release|Any CPU
		{FDD237C4-EA14-4FA5-AD75-8FB83D853F81}.Release|Any CPU.Build.0 = Release|Any CPU
	EndGlobalSection
	GlobalSection(SolutionProperties) = preSolution
		HideSolutionNode = FALSE
	EndGlobalSection
	GlobalSection(ExtensibilityGlobals) = postSolution
		SolutionGuid = {FB4D8D8E-96BA-46E5-856A-287CF75D19D7}
	EndGlobalSection
EndGlobal
